
Microsoft Visual Studio Solution File, Format Version 12.00
# Visual Studio Version 16
VisualStudioVersion = 16.0.28803.352
MinimumVisualStudioVersion = 10.0.40219.1
Project("{8BC9CEB8-8B4A-11D0-8D11-00A0C91BC942}") = "b_5622", "b_5622\b_5622.vcxproj", "{1A668446-909A-43FF-A54B-ECD88A473164}"
EndProject
Global
	GlobalSection(SolutionConfigurationPlatforms) = preSolution
		Debug|x64 = Debug|x64
		Debug|x86 = Debug|x86
		Release|x64 = Release|x64
		Release|x86 = Release|x86
	EndGlobalSection
	GlobalSection(ProjectConfigurationPlatforms) = postSolution
		{1A668446-909A-43FF-A54B-ECD88A473164}.Debug|x64.ActiveCfg = Debug|x64
		{1A668446-909A-43FF-A54B-ECD88A473164}.Debug|x64.Build.0 = Debug|x64
		{1A668446-909A-43FF-A54B-ECD88A473164}.Debug|x86.ActiveCfg = Debug|Win32
		{1A668446-909A-43FF-A54B-ECD88A473164}.Debug|x86.Build.0 = Debug|Win32
		{1A668446-909A-43FF-A54B-ECD88A473164}.Release|x64.ActiveCfg = Release|x64
		{1A668446-909A-43FF-A54B-ECD88A473164}.Release|x64.Build.0 = Release|x64
		{1A668446-909A-43FF-A54B-ECD88A473164}.Release|x86.ActiveCfg = Release|Win32
		{1A668446-909A-43FF-A54B-ECD88A473164}.Release|x86.Build.0 = Release|Win32
	EndGlobalSection
	GlobalSection(SolutionProperties) = preSolution
		HideSolutionNode = FALSE
	EndGlobalSection
	GlobalSection(ExtensibilityGlobals) = postSolution
		SolutionGuid = {72CCD401-9BB2-4F82-99EF-519D078DD7EA}
	EndGlobalSection
EndGlobal
