
Microsoft Visual Studio Solution File, Format Version 12.00
# Visual Studio Version 16
VisualStudioVersion = 16.0.28803.352
MinimumVisualStudioVersion = 10.0.40219.1
Project("{8BC9CEB8-8B4A-11D0-8D11-00A0C91BC942}") = "b_11651", "b_11651\b_11651.vcxproj", "{80B9DBD3-1886-4529-99FD-E4D7C8DFAE19}"
EndProject
Global
	GlobalSection(SolutionConfigurationPlatforms) = preSolution
		Debug|x64 = Debug|x64
		Debug|x86 = Debug|x86
		Release|x64 = Release|x64
		Release|x86 = Release|x86
	EndGlobalSection
	GlobalSection(ProjectConfigurationPlatforms) = postSolution
		{80B9DBD3-1886-4529-99FD-E4D7C8DFAE19}.Debug|x64.ActiveCfg = Debug|x64
		{80B9DBD3-1886-4529-99FD-E4D7C8DFAE19}.Debug|x64.Build.0 = Debug|x64
		{80B9DBD3-1886-4529-99FD-E4D7C8DFAE19}.Debug|x86.ActiveCfg = Debug|Win32
		{80B9DBD3-1886-4529-99FD-E4D7C8DFAE19}.Debug|x86.Build.0 = Debug|Win32
		{80B9DBD3-1886-4529-99FD-E4D7C8DFAE19}.Release|x64.ActiveCfg = Release|x64
		{80B9DBD3-1886-4529-99FD-E4D7C8DFAE19}.Release|x64.Build.0 = Release|x64
		{80B9DBD3-1886-4529-99FD-E4D7C8DFAE19}.Release|x86.ActiveCfg = Release|Win32
		{80B9DBD3-1886-4529-99FD-E4D7C8DFAE19}.Release|x86.Build.0 = Release|Win32
	EndGlobalSection
	GlobalSection(SolutionProperties) = preSolution
		HideSolutionNode = FALSE
	EndGlobalSection
	GlobalSection(ExtensibilityGlobals) = postSolution
		SolutionGuid = {71A72662-8FAB-41A0-ACA4-779951F499B6}
	EndGlobalSection
EndGlobal
