
Microsoft Visual Studio Solution File, Format Version 12.00
# Visual Studio Version 16
VisualStudioVersion = 16.0.28803.352
MinimumVisualStudioVersion = 10.0.40219.1
Project("{8BC9CEB8-8B4A-11D0-8D11-00A0C91BC942}") = "b_2798", "b_2798\b_2798.vcxproj", "{9345DFA6-2306-4954-82C9-0E51156818B6}"
EndProject
Global
	GlobalSection(SolutionConfigurationPlatforms) = preSolution
		Debug|x64 = Debug|x64
		Debug|x86 = Debug|x86
		Release|x64 = Release|x64
		Release|x86 = Release|x86
	EndGlobalSection
	GlobalSection(ProjectConfigurationPlatforms) = postSolution
		{9345DFA6-2306-4954-82C9-0E51156818B6}.Debug|x64.ActiveCfg = Debug|x64
		{9345DFA6-2306-4954-82C9-0E51156818B6}.Debug|x64.Build.0 = Debug|x64
		{9345DFA6-2306-4954-82C9-0E51156818B6}.Debug|x86.ActiveCfg = Debug|Win32
		{9345DFA6-2306-4954-82C9-0E51156818B6}.Debug|x86.Build.0 = Debug|Win32
		{9345DFA6-2306-4954-82C9-0E51156818B6}.Release|x64.ActiveCfg = Release|x64
		{9345DFA6-2306-4954-82C9-0E51156818B6}.Release|x64.Build.0 = Release|x64
		{9345DFA6-2306-4954-82C9-0E51156818B6}.Release|x86.ActiveCfg = Release|Win32
		{9345DFA6-2306-4954-82C9-0E51156818B6}.Release|x86.Build.0 = Release|Win32
	EndGlobalSection
	GlobalSection(SolutionProperties) = preSolution
		HideSolutionNode = FALSE
	EndGlobalSection
	GlobalSection(ExtensibilityGlobals) = postSolution
		SolutionGuid = {FCF04ED3-37A9-43F7-8A68-18AEC530507A}
	EndGlobalSection
EndGlobal
